<Solution>
  <Project Path="com.Tivadar.Best.HTTP.csproj" />
  <Project Path="com.Tivadar.Best.SocketIO.csproj" />
  <Project Path="Assembly-CSharp-firstpass.csproj" />
  <Project Path="com.Tivadar.Best.WebSockets.csproj" />
  <Project Path="Assembly-CSharp.csproj" />
<<<<<<< HEAD
=======
  <Project Path="Assembly-CSharp.csproj" />
  <Project Path="UnityEditor.UI.Analytics.csproj" />
  <Project Path="Unity.2D.Common.Runtime.csproj" />
  <Project Path="Assembly-CSharp-Editor.csproj" />
  <Project Path="Unity.VisualScripting.Shared.Editor.csproj" />
  <Project Path="Unity.Profiling.Core.csproj" />
  <Project Path="Unity.2D.Aseprite.Common.csproj" />
  <Project Path="Unity.CollabProxy.Editor.csproj" />
  <Project Path="Unity.2D.PixelPerfect.csproj" />
>>>>>>> c008fe0 (feat: b2b changes)
  <Project Path="com.Tivadar.Best.HTTP.Profiler.Editor.csproj" />
</Solution>
